
Microsoft Visual Studio Solution File, Format Version 12.00
# Visual Studio Version 16
VisualStudioVersion = 16.0.29609.76
MinimumVisualStudioVersion = 10.0.40219.1
Project("{FAE04EC0-301F-11D3-BF4B-00C04F79EFBC}") = "CatsReviewApp", "CatsReviewApp\CatsReviewApp.csproj", "{31C4FF77-19AF-4379-AAC9-944BE01142A6}"
EndProject
Global
	GlobalSection(SolutionConfigurationPlatforms) = preSolution
		Debug|Any CPU = Debug|Any CPU
		Release|Any CPU = Release|Any CPU
	EndGlobalSection
	GlobalSection(ProjectConfigurationPlatforms) = postSolution
		{31C4FF77-19AF-4379-AAC9-944BE01142A6}.Debug|Any CPU.ActiveCfg = Debug|Any CPU
		{31C4FF77-19AF-4379-AAC9-944BE01142A6}.Debug|Any CPU.Build.0 = Debug|Any CPU
		{31C4FF77-19AF-4379-AAC9-944BE01142A6}.Release|Any CPU.ActiveCfg = Release|Any CPU
		{31C4FF77-19AF-4379-AAC9-944BE01142A6}.Release|Any CPU.Build.0 = Release|Any CPU
	EndGlobalSection
	GlobalSection(SolutionProperties) = preSolution
		HideSolutionNode = FALSE
	EndGlobalSection
	GlobalSection(ExtensibilityGlobals) = postSolution
		SolutionGuid = {2D8DC9B9-7584-4499-BD91-648AE2DD8B02}
	EndGlobalSection
EndGlobal
